
Microsoft Visual Studio Solution File, Format Version 12.00
# Visual Studio Version 16
VisualStudioVersion = 16.0.30611.23
MinimumVisualStudioVersion = 10.0.40219.1
Project("{FAE04EC0-301F-11D3-BF4B-00C04F79EFBC}") = "ağaçotomasyonu", "ağaçotomasyonu\ağaçotomasyonu.csproj", "{709C343B-570B-49FF-80E1-7C1BC3000F0D}"
EndProject
Global
	GlobalSection(SolutionConfigurationPlatforms) = preSolution
		Debug|Any CPU = Debug|Any CPU
		Release|Any CPU = Release|Any CPU
	EndGlobalSection
	GlobalSection(ProjectConfigurationPlatforms) = postSolution
		{709C343B-570B-49FF-80E1-7C1BC3000F0D}.Debug|Any CPU.ActiveCfg = Debug|Any CPU
		{709C343B-570B-49FF-80E1-7C1BC3000F0D}.Debug|Any CPU.Build.0 = Debug|Any CPU
		{709C343B-570B-49FF-80E1-7C1BC3000F0D}.Release|Any CPU.ActiveCfg = Release|Any CPU
		{709C343B-570B-49FF-80E1-7C1BC3000F0D}.Release|Any CPU.Build.0 = Release|Any CPU
	EndGlobalSection
	GlobalSection(SolutionProperties) = preSolution
		HideSolutionNode = FALSE
	EndGlobalSection
	GlobalSection(ExtensibilityGlobals) = postSolution
		SolutionGuid = {FEC3C665-870C-4116-92E3-CC77B066E451}
	EndGlobalSection
EndGlobal
